{
  "name": "mg-api",
  "version": "1.0.0",
  "lockfileVersion": 1,
  "requires": true,
  "dependencies": {
    "musicbrainz": {
      "version": "0.2.6",
      "resolved": "https://registry.npmjs.org/musicbrainz/-/musicbrainz-0.2.6.tgz",
      "integrity": "sha1-6XZe4/zeeLtHl4WU0O1zAgqzkq8=",
      "requires": {
        "request": "1.9.x",
        "timetrickle": "~0.1.1",
        "xml2js": "0.1.x"
      }
    },
    "request": {
      "version": "1.9.9",
      "resolved": "https://registry.npmjs.org/request/-/request-1.9.9.tgz",
      "integrity": "sha1-ryMf6H43JaXbRv90gz86oOv9kVE="
    },
    "sax": {
      "version": "1.2.4",
      "resolved": "https://registry.npmjs.org/sax/-/sax-1.2.4.tgz",
      "integrity": "sha512-NqVDv9TpANUjFm0N8uM5GxL36UgKi9/atZw+x7YFnQ8ckwFGKrl4xX4yWtrey3UJm5nP1kUbnYgLopqWNSRhWw=="
    },
    "timetrickle": {
      "version": "0.1.2",
      "resolved": "https://registry.npmjs.org/timetrickle/-/timetrickle-0.1.2.tgz",
      "integrity": "sha512-gwthkBkCRIQIjSckl0fO8NCH5AoAzAUuhPHjDy0NoF4GHGST4ZJ3NMbSNDj++7hOquioeHJjXt7jpmPAQVtzeg=="
    },
    "xml2js": {
      "version": "0.1.14",
      "resolved": "https://registry.npmjs.org/xml2js/-/xml2js-0.1.14.tgz",
      "integrity": "sha1-UnTmf1pkxfkpdM2FE54DMq3GuQw=",
      "requires": {
        "sax": ">=0.1.1"
      }
    }
  }
}
